
Microsoft Visual Studio Solution File, Format Version 12.00
# Visual Studio Version 16
VisualStudioVersion = 16.0.29326.143
MinimumVisualStudioVersion = 10.0.40219.1
Project("{FAE04EC0-301F-11D3-BF4B-00C04F79EFBC}") = "DisegnoGeometrico", "DisegnoGeometrico\DisegnoGeometrico.csproj", "{0A4E9CB5-F4C0-4AC9-A6C3-DD6508B7FDC2}"
EndProject
Global
	GlobalSection(SolutionConfigurationPlatforms) = preSolution
		Debug|Any CPU = Debug|Any CPU
		Release|Any CPU = Release|Any CPU
	EndGlobalSection
	GlobalSection(ProjectConfigurationPlatforms) = postSolution
		{0A4E9CB5-F4C0-4AC9-A6C3-DD6508B7FDC2}.Debug|Any CPU.ActiveCfg = Debug|Any CPU
		{0A4E9CB5-F4C0-4AC9-A6C3-DD6508B7FDC2}.Debug|Any CPU.Build.0 = Debug|Any CPU
		{0A4E9CB5-F4C0-4AC9-A6C3-DD6508B7FDC2}.Release|Any CPU.ActiveCfg = Release|Any CPU
		{0A4E9CB5-F4C0-4AC9-A6C3-DD6508B7FDC2}.Release|Any CPU.Build.0 = Release|Any CPU
	EndGlobalSection
	GlobalSection(SolutionProperties) = preSolution
		HideSolutionNode = FALSE
	EndGlobalSection
	GlobalSection(ExtensibilityGlobals) = postSolution
		SolutionGuid = {6D84F6E9-B17D-4695-8CA9-C15E66B61114}
	EndGlobalSection
EndGlobal
